{
  "name": "tokenswap-educport",
  "version": "1.0.0",
  "lockfileVersion": 3,
  "requires": true,
  "packages": {
    "": {
      "name": "tokenswap-educport",
      "version": "1.0.0",
      "license": "MIT",
      "dependencies": {
        "dao-management-suite": "^1.0.1"
      }
    },
    "node_modules/dao-management-suite": {
      "version": "1.0.1",
      "resolved": "https://registry.npmjs.org/dao-management-suite/-/dao-management-suite-1.0.1.tgz",
      "integrity": "sha512-fde3zLNp8xqh8qpBaR3nDHxCwCGbh58D0/69JcarR5OEf8HtiX8NBIC4q1Eq6jULISPvSuweSr4SrmP6IvgUrw=="
    }
  }
}
